
Microsoft Visual Studio Solution File, Format Version 12.00
# Visual Studio Version 16
VisualStudioVersion = 16.0.31205.134
MinimumVisualStudioVersion = 10.0.40219.1
Project("{FAE04EC0-301F-11D3-BF4B-00C04F79EFBC}") = "TemplateSystem.Web", "TemplateSystem.Web\TemplateSystem.Web.csproj", "{3204D48E-ADEB-4866-9FAC-FB98DD3D1DA8}"
EndProject
Project("{FAE04EC0-301F-11D3-BF4B-00C04F79EFBC}") = "TemplateSystem.Services", "TemplateSystem.Services\TemplateSystem.Services.csproj", "{4499F23F-0751-43FC-B285-DD47B0122D1E}"
EndProject
Project("{FAE04EC0-301F-11D3-BF4B-00C04F79EFBC}") = "TemplateSystem.Repository", "TemplateSystem.Repository\TemplateSystem.Repository.csproj", "{E8AD42B8-4341-4BE8-B825-980837E2F3DA}"
EndProject
Project("{FAE04EC0-301F-11D3-BF4B-00C04F79EFBC}") = "TemplateSystem.Entity", "TemplateSystem.Entity\TemplateSystem.Entity.csproj", "{DEE45E4B-713E-4F12-AFAB-2DCE13CC1C7C}"
EndProject
Project("{FAE04EC0-301F-11D3-BF4B-00C04F79EFBC}") = "TemplateSystem.Data", "TemplateSystem.Data\TemplateSystem.Data.csproj", "{862E0062-2E3A-41C6-AC46-383121082B89}"
EndProject
Project("{FAE04EC0-301F-11D3-BF4B-00C04F79EFBC}") = "TemplateSystem.UnitTest", "TemplateSystem.UnitTest\TemplateSystem.UnitTest.csproj", "{F11DE2EF-351D-446D-8EED-8EB74D59A77D}"
EndProject
Project("{FAE04EC0-301F-11D3-BF4B-00C04F79EFBC}") = "TemplateSystem.IntegrationTest", "TemplateSystem.IntegrationTest\TemplateSystem.IntegrationTest.csproj", "{4294321E-53DC-40CC-A810-B70D6901C25F}"
EndProject
Project("{2150E333-8FDC-42A3-9474-1A3956D46DE8}") = "4.Test", "4.Test", "{266C0BE0-859F-498A-BC8F-86C3D0CA26A0}"
EndProject
Project("{FAE04EC0-301F-11D3-BF4B-00C04F79EFBC}") = "TemplateSystem.WebApi", "TemplateSystem.WebApi\TemplateSystem.WebApi.csproj", "{6670E584-C2D5-40EB-B928-C4605159B1CC}"
EndProject
Project("{2150E333-8FDC-42A3-9474-1A3956D46DE8}") = "2.Domain", "2.Domain", "{A60A1C73-08F6-483A-9818-469D06276261}"
EndProject
Project("{2150E333-8FDC-42A3-9474-1A3956D46DE8}") = "1.Presentation", "1.Presentation", "{D57B6641-ADD4-43EE-8DBA-06320556DF65}"
EndProject
Project("{2150E333-8FDC-42A3-9474-1A3956D46DE8}") = "3.Infrastructure", "3.Infrastructure", "{5E78CAFB-1067-47AD-A4CF-95EF78E69A1B}"
EndProject
Global
	GlobalSection(SolutionConfigurationPlatforms) = preSolution
		Debug|Any CPU = Debug|Any CPU
		DEV|Any CPU = DEV|Any CPU
		PROD|Any CPU = PROD|Any CPU
		Release|Any CPU = Release|Any CPU
		UAT|Any CPU = UAT|Any CPU
	EndGlobalSection
	GlobalSection(ProjectConfigurationPlatforms) = postSolution
		{3204D48E-ADEB-4866-9FAC-FB98DD3D1DA8}.Debug|Any CPU.ActiveCfg = Debug|Any CPU
		{3204D48E-ADEB-4866-9FAC-FB98DD3D1DA8}.Debug|Any CPU.Build.0 = Debug|Any CPU
		{3204D48E-ADEB-4866-9FAC-FB98DD3D1DA8}.DEV|Any CPU.ActiveCfg = DEV|Any CPU
		{3204D48E-ADEB-4866-9FAC-FB98DD3D1DA8}.DEV|Any CPU.Build.0 = DEV|Any CPU
		{3204D48E-ADEB-4866-9FAC-FB98DD3D1DA8}.PROD|Any CPU.ActiveCfg = PROD|Any CPU
		{3204D48E-ADEB-4866-9FAC-FB98DD3D1DA8}.PROD|Any CPU.Build.0 = PROD|Any CPU
		{3204D48E-ADEB-4866-9FAC-FB98DD3D1DA8}.Release|Any CPU.ActiveCfg = Release|Any CPU
		{3204D48E-ADEB-4866-9FAC-FB98DD3D1DA8}.Release|Any CPU.Build.0 = Release|Any CPU
		{3204D48E-ADEB-4866-9FAC-FB98DD3D1DA8}.UAT|Any CPU.ActiveCfg = UAT|Any CPU
		{3204D48E-ADEB-4866-9FAC-FB98DD3D1DA8}.UAT|Any CPU.Build.0 = UAT|Any CPU
		{4499F23F-0751-43FC-B285-DD47B0122D1E}.Debug|Any CPU.ActiveCfg = Debug|Any CPU
		{4499F23F-0751-43FC-B285-DD47B0122D1E}.Debug|Any CPU.Build.0 = Debug|Any CPU
		{4499F23F-0751-43FC-B285-DD47B0122D1E}.DEV|Any CPU.ActiveCfg = DEV|Any CPU
		{4499F23F-0751-43FC-B285-DD47B0122D1E}.DEV|Any CPU.Build.0 = DEV|Any CPU
		{4499F23F-0751-43FC-B285-DD47B0122D1E}.PROD|Any CPU.ActiveCfg = PROD|Any CPU
		{4499F23F-0751-43FC-B285-DD47B0122D1E}.PROD|Any CPU.Build.0 = PROD|Any CPU
		{4499F23F-0751-43FC-B285-DD47B0122D1E}.Release|Any CPU.ActiveCfg = Release|Any CPU
		{4499F23F-0751-43FC-B285-DD47B0122D1E}.Release|Any CPU.Build.0 = Release|Any CPU
		{4499F23F-0751-43FC-B285-DD47B0122D1E}.UAT|Any CPU.ActiveCfg = UAT|Any CPU
		{4499F23F-0751-43FC-B285-DD47B0122D1E}.UAT|Any CPU.Build.0 = UAT|Any CPU
		{E8AD42B8-4341-4BE8-B825-980837E2F3DA}.Debug|Any CPU.ActiveCfg = Debug|Any CPU
		{E8AD42B8-4341-4BE8-B825-980837E2F3DA}.Debug|Any CPU.Build.0 = Debug|Any CPU
		{E8AD42B8-4341-4BE8-B825-980837E2F3DA}.DEV|Any CPU.ActiveCfg = DEV|Any CPU
		{E8AD42B8-4341-4BE8-B825-980837E2F3DA}.DEV|Any CPU.Build.0 = DEV|Any CPU
		{E8AD42B8-4341-4BE8-B825-980837E2F3DA}.PROD|Any CPU.ActiveCfg = PROD|Any CPU
		{E8AD42B8-4341-4BE8-B825-980837E2F3DA}.PROD|Any CPU.Build.0 = PROD|Any CPU
		{E8AD42B8-4341-4BE8-B825-980837E2F3DA}.Release|Any CPU.ActiveCfg = Release|Any CPU
		{E8AD42B8-4341-4BE8-B825-980837E2F3DA}.Release|Any CPU.Build.0 = Release|Any CPU
		{E8AD42B8-4341-4BE8-B825-980837E2F3DA}.UAT|Any CPU.ActiveCfg = UAT|Any CPU
		{E8AD42B8-4341-4BE8-B825-980837E2F3DA}.UAT|Any CPU.Build.0 = UAT|Any CPU
		{DEE45E4B-713E-4F12-AFAB-2DCE13CC1C7C}.Debug|Any CPU.ActiveCfg = Debug|Any CPU
		{DEE45E4B-713E-4F12-AFAB-2DCE13CC1C7C}.Debug|Any CPU.Build.0 = Debug|Any CPU
		{DEE45E4B-713E-4F12-AFAB-2DCE13CC1C7C}.DEV|Any CPU.ActiveCfg = DEV|Any CPU
		{DEE45E4B-713E-4F12-AFAB-2DCE13CC1C7C}.DEV|Any CPU.Build.0 = DEV|Any CPU
		{DEE45E4B-713E-4F12-AFAB-2DCE13CC1C7C}.PROD|Any CPU.ActiveCfg = PROD|Any CPU
		{DEE45E4B-713E-4F12-AFAB-2DCE13CC1C7C}.PROD|Any CPU.Build.0 = PROD|Any CPU
		{DEE45E4B-713E-4F12-AFAB-2DCE13CC1C7C}.Release|Any CPU.ActiveCfg = Release|Any CPU
		{DEE45E4B-713E-4F12-AFAB-2DCE13CC1C7C}.Release|Any CPU.Build.0 = Release|Any CPU
		{DEE45E4B-713E-4F12-AFAB-2DCE13CC1C7C}.UAT|Any CPU.ActiveCfg = UAT|Any CPU
		{DEE45E4B-713E-4F12-AFAB-2DCE13CC1C7C}.UAT|Any CPU.Build.0 = UAT|Any CPU
		{862E0062-2E3A-41C6-AC46-383121082B89}.Debug|Any CPU.ActiveCfg = Debug|Any CPU
		{862E0062-2E3A-41C6-AC46-383121082B89}.Debug|Any CPU.Build.0 = Debug|Any CPU
		{862E0062-2E3A-41C6-AC46-383121082B89}.DEV|Any CPU.ActiveCfg = DEV|Any CPU
		{862E0062-2E3A-41C6-AC46-383121082B89}.DEV|Any CPU.Build.0 = DEV|Any CPU
		{862E0062-2E3A-41C6-AC46-383121082B89}.PROD|Any CPU.ActiveCfg = PROD|Any CPU
		{862E0062-2E3A-41C6-AC46-383121082B89}.PROD|Any CPU.Build.0 = PROD|Any CPU
		{862E0062-2E3A-41C6-AC46-383121082B89}.Release|Any CPU.ActiveCfg = Release|Any CPU
		{862E0062-2E3A-41C6-AC46-383121082B89}.Release|Any CPU.Build.0 = Release|Any CPU
		{862E0062-2E3A-41C6-AC46-383121082B89}.UAT|Any CPU.ActiveCfg = UAT|Any CPU
		{862E0062-2E3A-41C6-AC46-383121082B89}.UAT|Any CPU.Build.0 = UAT|Any CPU
		{F11DE2EF-351D-446D-8EED-8EB74D59A77D}.Debug|Any CPU.ActiveCfg = Debug|Any CPU
		{F11DE2EF-351D-446D-8EED-8EB74D59A77D}.Debug|Any CPU.Build.0 = Debug|Any CPU
		{F11DE2EF-351D-446D-8EED-8EB74D59A77D}.DEV|Any CPU.ActiveCfg = Debug|Any CPU
		{F11DE2EF-351D-446D-8EED-8EB74D59A77D}.DEV|Any CPU.Build.0 = Debug|Any CPU
		{F11DE2EF-351D-446D-8EED-8EB74D59A77D}.PROD|Any CPU.ActiveCfg = Debug|Any CPU
		{F11DE2EF-351D-446D-8EED-8EB74D59A77D}.PROD|Any CPU.Build.0 = Debug|Any CPU
		{F11DE2EF-351D-446D-8EED-8EB74D59A77D}.Release|Any CPU.ActiveCfg = Release|Any CPU
		{F11DE2EF-351D-446D-8EED-8EB74D59A77D}.Release|Any CPU.Build.0 = Release|Any CPU
		{F11DE2EF-351D-446D-8EED-8EB74D59A77D}.UAT|Any CPU.ActiveCfg = Debug|Any CPU
		{F11DE2EF-351D-446D-8EED-8EB74D59A77D}.UAT|Any CPU.Build.0 = Debug|Any CPU
		{4294321E-53DC-40CC-A810-B70D6901C25F}.Debug|Any CPU.ActiveCfg = Debug|Any CPU
		{4294321E-53DC-40CC-A810-B70D6901C25F}.Debug|Any CPU.Build.0 = Debug|Any CPU
		{4294321E-53DC-40CC-A810-B70D6901C25F}.DEV|Any CPU.ActiveCfg = Debug|Any CPU
		{4294321E-53DC-40CC-A810-B70D6901C25F}.DEV|Any CPU.Build.0 = Debug|Any CPU
		{4294321E-53DC-40CC-A810-B70D6901C25F}.PROD|Any CPU.ActiveCfg = Debug|Any CPU
		{4294321E-53DC-40CC-A810-B70D6901C25F}.PROD|Any CPU.Build.0 = Debug|Any CPU
		{4294321E-53DC-40CC-A810-B70D6901C25F}.Release|Any CPU.ActiveCfg = Release|Any CPU
		{4294321E-53DC-40CC-A810-B70D6901C25F}.Release|Any CPU.Build.0 = Release|Any CPU
		{4294321E-53DC-40CC-A810-B70D6901C25F}.UAT|Any CPU.ActiveCfg = Debug|Any CPU
		{4294321E-53DC-40CC-A810-B70D6901C25F}.UAT|Any CPU.Build.0 = Debug|Any CPU
		{6670E584-C2D5-40EB-B928-C4605159B1CC}.Debug|Any CPU.ActiveCfg = Debug|Any CPU
		{6670E584-C2D5-40EB-B928-C4605159B1CC}.Debug|Any CPU.Build.0 = Debug|Any CPU
		{6670E584-C2D5-40EB-B928-C4605159B1CC}.DEV|Any CPU.ActiveCfg = Debug|Any CPU
		{6670E584-C2D5-40EB-B928-C4605159B1CC}.DEV|Any CPU.Build.0 = Debug|Any CPU
		{6670E584-C2D5-40EB-B928-C4605159B1CC}.PROD|Any CPU.ActiveCfg = Debug|Any CPU
		{6670E584-C2D5-40EB-B928-C4605159B1CC}.PROD|Any CPU.Build.0 = Debug|Any CPU
		{6670E584-C2D5-40EB-B928-C4605159B1CC}.Release|Any CPU.ActiveCfg = Release|Any CPU
		{6670E584-C2D5-40EB-B928-C4605159B1CC}.Release|Any CPU.Build.0 = Release|Any CPU
		{6670E584-C2D5-40EB-B928-C4605159B1CC}.UAT|Any CPU.ActiveCfg = Debug|Any CPU
		{6670E584-C2D5-40EB-B928-C4605159B1CC}.UAT|Any CPU.Build.0 = Debug|Any CPU
	EndGlobalSection
	GlobalSection(SolutionProperties) = preSolution
		HideSolutionNode = FALSE
	EndGlobalSection
	GlobalSection(NestedProjects) = preSolution
		{3204D48E-ADEB-4866-9FAC-FB98DD3D1DA8} = {D57B6641-ADD4-43EE-8DBA-06320556DF65}
		{4499F23F-0751-43FC-B285-DD47B0122D1E} = {A60A1C73-08F6-483A-9818-469D06276261}
		{E8AD42B8-4341-4BE8-B825-980837E2F3DA} = {A60A1C73-08F6-483A-9818-469D06276261}
		{DEE45E4B-713E-4F12-AFAB-2DCE13CC1C7C} = {A60A1C73-08F6-483A-9818-469D06276261}
		{862E0062-2E3A-41C6-AC46-383121082B89} = {5E78CAFB-1067-47AD-A4CF-95EF78E69A1B}
		{F11DE2EF-351D-446D-8EED-8EB74D59A77D} = {266C0BE0-859F-498A-BC8F-86C3D0CA26A0}
		{4294321E-53DC-40CC-A810-B70D6901C25F} = {266C0BE0-859F-498A-BC8F-86C3D0CA26A0}
		{6670E584-C2D5-40EB-B928-C4605159B1CC} = {D57B6641-ADD4-43EE-8DBA-06320556DF65}
	EndGlobalSection
	GlobalSection(ExtensibilityGlobals) = postSolution
		SolutionGuid = {F2EA3ECB-9838-429F-A666-53CA2A833CB9}
	EndGlobalSection
EndGlobal
